<?xml version="1.0" encoding="utf-8"?>
<Project ToolsVersion="4.0" xmlns="http://schemas.microsoft.com/developer/msbuild/2003">
  <ItemGroup>
    <Filter Include="src">
      <UniqueIdentifier>{4FC737F1-C7A5-4376-A066-2A32D752A2FF}</UniqueIdentifier>
      <Extensions>cpp;c;cc;cxx;c++;cppm;ixx;def;odl;idl;hpj;bat;asm;asmx</Extensions>
    </Filter>
    <Filter Include="include">
      <UniqueIdentifier>{93995380-89BD-4b04-88EB-625FBE52EBFB}</UniqueIdentifier>
      <Extensions>h;hh;hpp;hxx;h++;hm;inl;inc;ipp;xsd</Extensions>
    </Filter>
    <Filter Include="src\Lab3">
      <UniqueIdentifier>{5d788f2d-ced9-4d65-932e-fc01acefa792}</UniqueIdentifier>
    </Filter>
    <Filter Include="src\Lab4">
      <UniqueIdentifier>{ea94bf23-f3f5-45d2-bc32-126539aa7126}</UniqueIdentifier>
    </Filter>
    <Filter Include="include\Lab3">
      <UniqueIdentifier>{6fdd6e54-11a8-4ca5-98ed-0f8c411e0793}</UniqueIdentifier>
    </Filter>
    <Filter Include="include\Lab4">
      <UniqueIdentifier>{36711763-14f3-4c29-bf35-e4b7cfc7a067}</UniqueIdentifier>
    </Filter>
    <Filter Include="include\Lab5">
      <UniqueIdentifier>{81f77229-e190-4255-8497-34ec1185dc64}</UniqueIdentifier>
    </Filter>
    <Filter Include="src\Lab5">
      <UniqueIdentifier>{dbf1c435-70c4-4b05-b267-996bafda20f1}</UniqueIdentifier>
    </Filter>
    <Filter Include="include\Lab6">
      <UniqueIdentifier>{08e6315e-2b9f-4d4e-9622-1b93bb0c5651}</UniqueIdentifier>
    </Filter>
    <Filter Include="src\Lab6">
      <UniqueIdentifier>{beb4792f-c71e-4a8e-a23e-a8215d49eb2f}</UniqueIdentifier>
    </Filter>
  </ItemGroup>
  <ItemGroup>
    <ClInclude Include="include\cvui.h">
      <Filter>include</Filter>
    </ClInclude>
    <ClInclude Include="include\resource.h">
      <Filter>include</Filter>
    </ClInclude>
    <ClInclude Include="include\Serial.h">
      <Filter>include</Filter>
    </ClInclude>
    <ClInclude Include="include\stdafx.h">
      <Filter>include</Filter>
    </ClInclude>
    <ClInclude Include="include\Lab3\CControl.h">
      <Filter>include\Lab3</Filter>
    </ClInclude>
    <ClInclude Include="include\Lab3\Lab3.h">
      <Filter>include\Lab3</Filter>
    </ClInclude>
    <ClInclude Include="include\Lab4\CBase4618.h">
      <Filter>include\Lab4</Filter>
    </ClInclude>
    <ClInclude Include="include\Lab4\CSnakeGame.h">
      <Filter>include\Lab4</Filter>
    </ClInclude>
    <ClInclude Include="include\Lab5\CSnakeGameV2.h">
      <Filter>include\Lab5</Filter>
    </ClInclude>
    <ClInclude Include="include\Lab6\CShip.h">
      <Filter>include\Lab6</Filter>
    </ClInclude>
    <ClInclude Include="include\Lab6\CAsteroidGame.h">
      <Filter>include\Lab6</Filter>
    </ClInclude>
    <ClInclude Include="include\Lab6\CGameObject.h">
      <Filter>include\Lab6</Filter>
    </ClInclude>
    <ClInclude Include="include\glad.h">
      <Filter>include</Filter>
    </ClInclude>
    <ClInclude Include="include\khrplatform.h">
      <Filter>include</Filter>
    </ClInclude>
    <ClInclude Include="include\Lab6\CPlanet.h">
      <Filter>include\Lab6</Filter>
    </ClInclude>
    <ClInclude Include="include\Lab6\CCamera.h">
      <Filter>include\Lab6</Filter>
    </ClInclude>
    <ClInclude Include="include\Lab6\CAsteroid.h">
      <Filter>include\Lab6</Filter>
    </ClInclude>
    <ClInclude Include="include\Lab6\CTextRenderer.h">
      <Filter>include\Lab6</Filter>
    </ClInclude>
    <ClInclude Include="include\stb_image_write.h">
      <Filter>include</Filter>
    </ClInclude>
  </ItemGroup>
  <ItemGroup>
    <ClCompile Include="src\4618_Template.cpp">
      <Filter>src</Filter>
    </ClCompile>
    <ClCompile Include="src\Serial.cpp">
      <Filter>src</Filter>
    </ClCompile>
    <ClCompile Include="src\stdafx.cpp">
      <Filter>src</Filter>
    </ClCompile>
    <ClCompile Include="src\Lab3\CControl.cpp">
      <Filter>src\Lab3</Filter>
    </ClCompile>
    <ClCompile Include="src\Lab3\Lab3.cpp">
      <Filter>src\Lab3</Filter>
    </ClCompile>
    <ClCompile Include="src\Lab4\CBase4618.cpp">
      <Filter>src\Lab4</Filter>
    </ClCompile>
    <ClCompile Include="src\Lab4\CSnakeGame.cpp">
      <Filter>src\Lab4</Filter>
    </ClCompile>
    <ClCompile Include="src\Lab5\CSnakeGameV2.cpp">
      <Filter>src\Lab5</Filter>
    </ClCompile>
    <ClCompile Include="src\Lab6\CShip.cpp">
      <Filter>src\Lab6</Filter>
    </ClCompile>
    <ClCompile Include="src\Lab6\CAsteroidGame.cpp">
      <Filter>src\Lab6</Filter>
    </ClCompile>
    <ClCompile Include="src\Lab6\CGameObject.cpp">
      <Filter>src\Lab6</Filter>
    </ClCompile>
    <ClCompile Include="src\glad.c">
      <Filter>src</Filter>
    </ClCompile>
    <ClCompile Include="src\Lab6\CPlanet.cpp">
      <Filter>src\Lab6</Filter>
    </ClCompile>
    <ClCompile Include="src\Lab6\CCamera.cpp">
      <Filter>src\Lab6</Filter>
    </ClCompile>
    <ClCompile Include="src\Lab6\CAsteroid.cpp">
      <Filter>src\Lab6</Filter>
    </ClCompile>
    <ClCompile Include="src\Lab6\CTextRenderer.cpp">
      <Filter>src\Lab6</Filter>
    </ClCompile>
  </ItemGroup>
</Project>